Microsoft Visual Studio Solution File, Format Version 12.00
# Visual Studio Version 17
VisualStudioVersion = 17.5.2.0
MinimumVisualStudioVersion = 10.0.40219.1
Project("{2150E333-8FDC-42A3-9474-1A3956D46DE8}") = "full-stack-architecture-demo", "full-stack-architecture-demo", "{C9056B1A-409E-81AF-E01C-E846E6F36D38}"
EndProject
Project("{2150E333-8FDC-42A3-9474-1A3956D46DE8}") = "api", "api", "{D0A42B90-7BDA-2359-E1BA-3ACC57321AFC}"
EndProject
Project("{FAE04EC0-301F-11D3-BF4B-00C04F79EFBC}") = "ArchitectureDemo.Api", "full-stack-architecture-demo\api\ArchitectureDemo.Api.csproj", "{4EF6AAF9-6071-AD9E-F920-F2EBFF0684A0}"
EndProject
Global
	GlobalSection(SolutionConfigurationPlatforms) = preSolution
		Debug|Any CPU = Debug|Any CPU
		Release|Any CPU = Release|Any CPU
	EndGlobalSection
	GlobalSection(ProjectConfigurationPlatforms) = postSolution
		{4EF6AAF9-6071-AD9E-F920-F2EBFF0684A0}.Debug|Any CPU.ActiveCfg = Debug|Any CPU
		{4EF6AAF9-6071-AD9E-F920-F2EBFF0684A0}.Debug|Any CPU.Build.0 = Debug|Any CPU
		{4EF6AAF9-6071-AD9E-F920-F2EBFF0684A0}.Release|Any CPU.ActiveCfg = Release|Any CPU
		{4EF6AAF9-6071-AD9E-F920-F2EBFF0684A0}.Release|Any CPU.Build.0 = Release|Any CPU
	EndGlobalSection
	GlobalSection(SolutionProperties) = preSolution
		HideSolutionNode = FALSE
	EndGlobalSection
	GlobalSection(NestedProjects) = preSolution
		{D0A42B90-7BDA-2359-E1BA-3ACC57321AFC} = {C9056B1A-409E-81AF-E01C-E846E6F36D38}
		{4EF6AAF9-6071-AD9E-F920-F2EBFF0684A0} = {D0A42B90-7BDA-2359-E1BA-3ACC57321AFC}
	EndGlobalSection
	GlobalSection(ExtensibilityGlobals) = postSolution
		SolutionGuid = {2926A262-367C-4CF3-840D-528079E9B974}
	EndGlobalSection
EndGlobal
